
Microsoft Visual Studio Solution File, Format Version 12.00
# Visual Studio 15
VisualStudioVersion = 15.0.28307.1022
MinimumVisualStudioVersion = 10.0.40219.1
Project("{FAE04EC0-301F-11D3-BF4B-00C04F79EFBC}") = "Banco.Forms", "Banco.Forms\Banco.Forms.csproj", "{D954FC78-203E-4714-A35C-BEA0EDE9D71A}"
EndProject
Global
	GlobalSection(SolutionConfigurationPlatforms) = preSolution
		Debug|Any CPU = Debug|Any CPU
		Release|Any CPU = Release|Any CPU
	EndGlobalSection
	GlobalSection(ProjectConfigurationPlatforms) = postSolution
		{D954FC78-203E-4714-A35C-BEA0EDE9D71A}.Debug|Any CPU.ActiveCfg = Debug|Any CPU
		{D954FC78-203E-4714-A35C-BEA0EDE9D71A}.Debug|Any CPU.Build.0 = Debug|Any CPU
		{D954FC78-203E-4714-A35C-BEA0EDE9D71A}.Release|Any CPU.ActiveCfg = Release|Any CPU
		{D954FC78-203E-4714-A35C-BEA0EDE9D71A}.Release|Any CPU.Build.0 = Release|Any CPU
	EndGlobalSection
	GlobalSection(SolutionProperties) = preSolution
		HideSolutionNode = FALSE
	EndGlobalSection
	GlobalSection(ExtensibilityGlobals) = postSolution
		SolutionGuid = {357AA465-4779-4018-BC34-E4A383EE42BB}
	EndGlobalSection
EndGlobal
